// !$*UTF8*$!
{
	archiveVersion = 1;
	classes = {
	};
	objectVersion = 46;
	objects = {

/* Begin PBXBuildFile section */
		2F88AFA81A9BD02C00D6F072 /* AddReminderViewController.m in Sources */ = {isa = PBXBuildFile; fileRef = 2F88AFA71A9BD02C00D6F072 /* AddReminderViewController.m */; };
		FA44E4391A9CFA8500558CD4 /* ReminderService.m in Sources */ = {isa = PBXBuildFile; fileRef = FA44E4381A9CFA8500558CD4 /* ReminderService.m */; };
		FA44E43F1A9D0D8C00558CD4 /* Reminder.m in Sources */ = {isa = PBXBuildFile; fileRef = FA44E43E1A9D0D8C00558CD4 /* Reminder.m */; };
		FA44E4451A9D390600558CD4 /* TimeReminderDetailViewController.m in Sources */ = {isa = PBXBuildFile; fileRef = FA44E4441A9D390600558CD4 /* TimeReminderDetailViewController.m */; };
		FA5700091A9B9BE7001C54CE /* main.m in Sources */ = {isa = PBXBuildFile; fileRef = FA5700081A9B9BE7001C54CE /* main.m */; };
		FA57000C1A9B9BE7001C54CE /* AppDelegate.m in Sources */ = {isa = PBXBuildFile; fileRef = FA57000B1A9B9BE7001C54CE /* AppDelegate.m */; };
		FA57000F1A9B9BE7001C54CE /* Serious_Note.xcdatamodeld in Sources */ = {isa = PBXBuildFile; fileRef = FA57000D1A9B9BE7001C54CE /* Serious_Note.xcdatamodeld */; };
		FA5700151A9B9BE7001C54CE /* Main.storyboard in Resources */ = {isa = PBXBuildFile; fileRef = FA5700131A9B9BE7001C54CE /* Main.storyboard */; };
		FA5700171A9B9BE7001C54CE /* Images.xcassets in Resources */ = {isa = PBXBuildFile; fileRef = FA5700161A9B9BE7001C54CE /* Images.xcassets */; };
		FA57001A1A9B9BE7001C54CE /* LaunchScreen.xib in Resources */ = {isa = PBXBuildFile; fileRef = FA5700181A9B9BE7001C54CE /* LaunchScreen.xib */; };
		FA5700261A9B9BE7001C54CE /* Serious_NoteTests.m in Sources */ = {isa = PBXBuildFile; fileRef = FA5700251A9B9BE7001C54CE /* Serious_NoteTests.m */; };
		FA5700341A9BA12A001C54CE /* TriggerDecisionViewController.m in Sources */ = {isa = PBXBuildFile; fileRef = FA5700331A9BA12A001C54CE /* TriggerDecisionViewController.m */; };
		FA5700371A9BA159001C54CE /* TutorialViewController.m in Sources */ = {isa = PBXBuildFile; fileRef = FA5700361A9BA159001C54CE /* TutorialViewController.m */; };
		FA57003A1A9BA1B9001C54CE /* TimePickerViewController.m in Sources */ = {isa = PBXBuildFile; fileRef = FA5700391A9BA1B9001C54CE /* TimePickerViewController.m */; };
		FA57003D1A9BA1E2001C54CE /* LocationPickerViewController.m in Sources */ = {isa = PBXBuildFile; fileRef = FA57003C1A9BA1E2001C54CE /* LocationPickerViewController.m */; };
		FA5700401A9BA207001C54CE /* RecorderViewController.m in Sources */ = {isa = PBXBuildFile; fileRef = FA57003F1A9BA207001C54CE /* RecorderViewController.m */; };
		FA5700491A9BF4B6001C54CE /* SlideToTimeSegue.m in Sources */ = {isa = PBXBuildFile; fileRef = FA5700481A9BF4B6001C54CE /* SlideToTimeSegue.m */; };
		FA57004D1A9C05ED001C54CE /* SlideToMap.m in Sources */ = {isa = PBXBuildFile; fileRef = FA57004C1A9C05ED001C54CE /* SlideToMap.m */; };
		FA5700501A9C14B1001C54CE /* SlightToTriggerFromTimeSegue.m in Sources */ = {isa = PBXBuildFile; fileRef = FA57004F1A9C14B1001C54CE /* SlightToTriggerFromTimeSegue.m */; };
		FA5700531A9C166C001C54CE /* SlideToTriggerFromMapSegue.m in Sources */ = {isa = PBXBuildFile; fileRef = FA5700521A9C166C001C54CE /* SlideToTriggerFromMapSegue.m */; };
/* End PBXBuildFile section */

/* Begin PBXContainerItemProxy section */
		FA5700201A9B9BE7001C54CE /* PBXContainerItemProxy */ = {
			isa = PBXContainerItemProxy;
			containerPortal = FA57FFFB1A9B9BE7001C54CE /* Project object */;
			proxyType = 1;
			remoteGlobalIDString = FA5700021A9B9BE7001C54CE;
			remoteInfo = "Serious Note";
		};
/* End PBXContainerItemProxy section */

/* Begin PBXFileReference section */
		2F88AFA61A9BD02C00D6F072 /* AddReminderViewController.h */ = {isa = PBXFileReference; fileEncoding = 4; lastKnownFileType = sourcecode.c.h; path = AddReminderViewController.h; sourceTree = "<group>"; };
		2F88AFA71A9BD02C00D6F072 /* AddReminderViewController.m */ = {isa = PBXFileReference; fileEncoding = 4; lastKnownFileType = sourcecode.c.objc; path = AddReminderViewController.m; sourceTree = "<group>"; };
		FA44E4371A9CFA8500558CD4 /* ReminderService.h */ = {isa = PBXFileReference; fileEncoding = 4; lastKnownFileType = sourcecode.c.h; path = ReminderService.h; sourceTree = "<group>"; };
		FA44E4381A9CFA8500558CD4 /* ReminderService.m */ = {isa = PBXFileReference; fileEncoding = 4; lastKnownFileType = sourcecode.c.objc; path = ReminderService.m; sourceTree = "<group>"; };
		FA44E43D1A9D0D8C00558CD4 /* Reminder.h */ = {isa = PBXFileReference; fileEncoding = 4; lastKnownFileType = sourcecode.c.h; path = Reminder.h; sourceTree = "<group>"; };
		FA44E43E1A9D0D8C00558CD4 /* Reminder.m */ = {isa = PBXFileReference; fileEncoding = 4; lastKnownFileType = sourcecode.c.objc; path = Reminder.m; sourceTree = "<group>"; };
		FA44E4431A9D390600558CD4 /* TimeReminderDetailViewController.h */ = {isa = PBXFileReference; fileEncoding = 4; lastKnownFileType = sourcecode.c.h; path = TimeReminderDetailViewController.h; sourceTree = "<group>"; };
		FA44E4441A9D390600558CD4 /* TimeReminderDetailViewController.m */ = {isa = PBXFileReference; fileEncoding = 4; lastKnownFileType = sourcecode.c.objc; path = TimeReminderDetailViewController.m; sourceTree = "<group>"; };
		FA5700031A9B9BE7001C54CE /* Serious Note.app */ = {isa = PBXFileReference; explicitFileType = wrapper.application; includeInIndex = 0; path = "Serious Note.app"; sourceTree = BUILT_PRODUCTS_DIR; };
		FA5700071A9B9BE7001C54CE /* Info.plist */ = {isa = PBXFileReference; lastKnownFileType = text.plist.xml; path = Info.plist; sourceTree = "<group>"; };
		FA5700081A9B9BE7001C54CE /* main.m */ = {isa = PBXFileReference; lastKnownFileType = sourcecode.c.objc; path = main.m; sourceTree = "<group>"; };
		FA57000A1A9B9BE7001C54CE /* AppDelegate.h */ = {isa = PBXFileReference; lastKnownFileType = sourcecode.c.h; path = AppDelegate.h; sourceTree = "<group>"; };
		FA57000B1A9B9BE7001C54CE /* AppDelegate.m */ = {isa = PBXFileReference; lastKnownFileType = sourcecode.c.objc; path = AppDelegate.m; sourceTree = "<group>"; };
		FA57000E1A9B9BE7001C54CE /* Serious_Note.xcdatamodel */ = {isa = PBXFileReference; lastKnownFileType = wrapper.xcdatamodel; path = Serious_Note.xcdatamodel; sourceTree = "<group>"; };
		FA5700141A9B9BE7001C54CE /* Base */ = {isa = PBXFileReference; lastKnownFileType = file.storyboard; name = Base; path = Base.lproj/Main.storyboard; sourceTree = "<group>"; };
		FA5700161A9B9BE7001C54CE /* Images.xcassets */ = {isa = PBXFileReference; lastKnownFileType = folder.assetcatalog; path = Images.xcassets; sourceTree = "<group>"; };
		FA5700191A9B9BE7001C54CE /* Base */ = {isa = PBXFileReference; lastKnownFileType = file.xib; name = Base; path = Base.lproj/LaunchScreen.xib; sourceTree = "<group>"; };
		FA57001F1A9B9BE7001C54CE /* Serious NoteTests.xctest */ = {isa = PBXFileReference; explicitFileType = wrapper.cfbundle; includeInIndex = 0; path = "Serious NoteTests.xctest"; sourceTree = BUILT_PRODUCTS_DIR; };
		FA5700241A9B9BE7001C54CE /* Info.plist */ = {isa = PBXFileReference; lastKnownFileType = text.plist.xml; path = Info.plist; sourceTree = "<group>"; };
		FA5700251A9B9BE7001C54CE /* Serious_NoteTests.m */ = {isa = PBXFileReference; lastKnownFileType = sourcecode.c.objc; path = Serious_NoteTests.m; sourceTree = "<group>"; };
		FA5700321A9BA12A001C54CE /* TriggerDecisionViewController.h */ = {isa = PBXFileReference; fileEncoding = 4; lastKnownFileType = sourcecode.c.h; path = TriggerDecisionViewController.h; sourceTree = "<group>"; };
		FA5700331A9BA12A001C54CE /* TriggerDecisionViewController.m */ = {isa = PBXFileReference; fileEncoding = 4; lastKnownFileType = sourcecode.c.objc; path = TriggerDecisionViewController.m; sourceTree = "<group>"; };
		FA5700351A9BA159001C54CE /* TutorialViewController.h */ = {isa = PBXFileReference; fileEncoding = 4; lastKnownFileType = sourcecode.c.h; path = TutorialViewController.h; sourceTree = "<group>"; };
		FA5700361A9BA159001C54CE /* TutorialViewController.m */ = {isa = PBXFileReference; fileEncoding = 4; lastKnownFileType = sourcecode.c.objc; path = TutorialViewController.m; sourceTree = "<group>"; };
		FA5700381A9BA1B9001C54CE /* TimePickerViewController.h */ = {isa = PBXFileReference; fileEncoding = 4; lastKnownFileType = sourcecode.c.h; path = TimePickerViewController.h; sourceTree = "<group>"; };
		FA5700391A9BA1B9001C54CE /* TimePickerViewController.m */ = {isa = PBXFileReference; fileEncoding = 4; lastKnownFileType = sourcecode.c.objc; path = TimePickerViewController.m; sourceTree = "<group>"; };
		FA57003B1A9BA1E2001C54CE /* LocationPickerViewController.h */ = {isa = PBXFileReference; fileEncoding = 4; lastKnownFileType = sourcecode.c.h; path = LocationPickerViewController.h; sourceTree = "<group>"; };
		FA57003C1A9BA1E2001C54CE /* LocationPickerViewController.m */ = {isa = PBXFileReference; fileEncoding = 4; lastKnownFileType = sourcecode.c.objc; path = LocationPickerViewController.m; sourceTree = "<group>"; };
		FA57003E1A9BA207001C54CE /* RecorderViewController.h */ = {isa = PBXFileReference; fileEncoding = 4; lastKnownFileType = sourcecode.c.h; path = RecorderViewController.h; sourceTree = "<group>"; };
		FA57003F1A9BA207001C54CE /* RecorderViewController.m */ = {isa = PBXFileReference; fileEncoding = 4; lastKnownFileType = sourcecode.c.objc; path = RecorderViewController.m; sourceTree = "<group>"; };
		FA5700471A9BF4B6001C54CE /* SlideToTimeSegue.h */ = {isa = PBXFileReference; fileEncoding = 4; lastKnownFileType = sourcecode.c.h; path = SlideToTimeSegue.h; sourceTree = "<group>"; };
		FA5700481A9BF4B6001C54CE /* SlideToTimeSegue.m */ = {isa = PBXFileReference; fileEncoding = 4; lastKnownFileType = sourcecode.c.objc; path = SlideToTimeSegue.m; sourceTree = "<group>"; };
		FA57004B1A9C05ED001C54CE /* SlideToMap.h */ = {isa = PBXFileReference; fileEncoding = 4; lastKnownFileType = sourcecode.c.h; path = SlideToMap.h; sourceTree = "<group>"; };
		FA57004C1A9C05ED001C54CE /* SlideToMap.m */ = {isa = PBXFileReference; fileEncoding = 4; lastKnownFileType = sourcecode.c.objc; path = SlideToMap.m; sourceTree = "<group>"; };
		FA57004E1A9C14B1001C54CE /* SlightToTriggerFromTimeSegue.h */ = {isa = PBXFileReference; fileEncoding = 4; lastKnownFileType = sourcecode.c.h; path = SlightToTriggerFromTimeSegue.h; sourceTree = "<group>"; };
		FA57004F1A9C14B1001C54CE /* SlightToTriggerFromTimeSegue.m */ = {isa = PBXFileReference; fileEncoding = 4; lastKnownFileType = sourcecode.c.objc; path = SlightToTriggerFromTimeSegue.m; sourceTree = "<group>"; };
		FA5700511A9C166C001C54CE /* SlideToTriggerFromMapSegue.h */ = {isa = PBXFileReference; fileEncoding = 4; lastKnownFileType = sourcecode.c.h; path = SlideToTriggerFromMapSegue.h; sourceTree = "<group>"; };
		FA5700521A9C166C001C54CE /* SlideToTriggerFromMapSegue.m */ = {isa = PBXFileReference; fileEncoding = 4; lastKnownFileType = sourcecode.c.objc; path = SlideToTriggerFromMapSegue.m; sourceTree = "<group>"; };
/* End PBXFileReference section */

/* Begin PBXFrameworksBuildPhase section */
		FA5700001A9B9BE7001C54CE /* Frameworks */ = {
			isa = PBXFrameworksBuildPhase;
			buildActionMask = 2147483647;
			files = (
			);
			runOnlyForDeploymentPostprocessing = 0;
		};
		FA57001C1A9B9BE7001C54CE /* Frameworks */ = {
			isa = PBXFrameworksBuildPhase;
			buildActionMask = 2147483647;
			files = (
			);
			runOnlyForDeploymentPostprocessing = 0;
		};
/* End PBXFrameworksBuildPhase section */

/* Begin PBXGroup section */
		FA5700041A9B9BE7001C54CE /* Products */ = {
			isa = PBXGroup;
			children = (
				FA5700031A9B9BE7001C54CE /* Serious Note.app */,
				FA57001F1A9B9BE7001C54CE /* Serious NoteTests.xctest */,
			);
			name = Products;
			sourceTree = "<group>";
		};
		FA5700051A9B9BE7001C54CE /* Serious Note */ = {
			isa = PBXGroup;
			children = (
				FA5700311A9BA0B4001C54CE /* Controller */,
				FA5700301A9BA0AE001C54CE /* View */,
				FA57002F1A9BA0A7001C54CE /* Model */,
				FA57000D1A9B9BE7001C54CE /* Serious_Note.xcdatamodeld */,
				FA5700061A9B9BE7001C54CE /* Supporting Files */,
			);
			path = "Serious Note";
			sourceTree = "<group>";
		};
		FA5700061A9B9BE7001C54CE /* Supporting Files */ = {
			isa = PBXGroup;
			children = (
				FA5700071A9B9BE7001C54CE /* Info.plist */,
				FA5700081A9B9BE7001C54CE /* main.m */,
			);
			name = "Supporting Files";
			sourceTree = "<group>";
		};
		FA5700221A9B9BE7001C54CE /* Serious NoteTests */ = {
			isa = PBXGroup;
			children = (
				FA5700251A9B9BE7001C54CE /* Serious_NoteTests.m */,
				FA5700231A9B9BE7001C54CE /* Supporting Files */,
			);
			path = "Serious NoteTests";
			sourceTree = "<group>";
		};
		FA5700231A9B9BE7001C54CE /* Supporting Files */ = {
			isa = PBXGroup;
			children = (
				FA5700241A9B9BE7001C54CE /* Info.plist */,
			);
			name = "Supporting Files";
			sourceTree = "<group>";
		};
		FA57002F1A9BA0A7001C54CE /* Model */ = {
			isa = PBXGroup;
			children = (
				FA44E4371A9CFA8500558CD4 /* ReminderService.h */,
				FA44E4381A9CFA8500558CD4 /* ReminderService.m */,
				FA44E43D1A9D0D8C00558CD4 /* Reminder.h */,
				FA44E43E1A9D0D8C00558CD4 /* Reminder.m */,
			);
			name = Model;
			sourceTree = "<group>";
		};
		FA5700301A9BA0AE001C54CE /* View */ = {
			isa = PBXGroup;
			children = (
				FA5700181A9B9BE7001C54CE /* LaunchScreen.xib */,
				FA5700161A9B9BE7001C54CE /* Images.xcassets */,
				FA5700131A9B9BE7001C54CE /* Main.storyboard */,
			);
			name = View;
			sourceTree = "<group>";
		};
		FA5700311A9BA0B4001C54CE /* Controller */ = {
			isa = PBXGroup;
			children = (
				FA57004A1A9C05A5001C54CE /* Segues */,
				FA57000A1A9B9BE7001C54CE /* AppDelegate.h */,
				FA57000B1A9B9BE7001C54CE /* AppDelegate.m */,
				2F88AFA61A9BD02C00D6F072 /* AddReminderViewController.h */,
				2F88AFA71A9BD02C00D6F072 /* AddReminderViewController.m */,
				FA57003B1A9BA1E2001C54CE /* LocationPickerViewController.h */,
				FA57003C1A9BA1E2001C54CE /* LocationPickerViewController.m */,
				FA57003E1A9BA207001C54CE /* RecorderViewController.h */,
				FA57003F1A9BA207001C54CE /* RecorderViewController.m */,
				FA44E4431A9D390600558CD4 /* TimeReminderDetailViewController.h */,
				FA44E4441A9D390600558CD4 /* TimeReminderDetailViewController.m */,
				FA5700381A9BA1B9001C54CE /* TimePickerViewController.h */,
				FA5700391A9BA1B9001C54CE /* TimePickerViewController.m */,
				FA5700321A9BA12A001C54CE /* TriggerDecisionViewController.h */,
				FA5700331A9BA12A001C54CE /* TriggerDecisionViewController.m */,
				FA5700351A9BA159001C54CE /* TutorialViewController.h */,
				FA5700361A9BA159001C54CE /* TutorialViewController.m */,
			);
			name = Controller;
			sourceTree = "<group>";
		};
		FA57004A1A9C05A5001C54CE /* Segues */ = {
			isa = PBXGroup;
			children = (
				FA5700471A9BF4B6001C54CE /* SlideToTimeSegue.h */,
				FA5700481A9BF4B6001C54CE /* SlideToTimeSegue.m */,
				FA57004B1A9C05ED001C54CE /* SlideToMap.h */,
				FA57004C1A9C05ED001C54CE /* SlideToMap.m */,
				FA57004E1A9C14B1001C54CE /* SlightToTriggerFromTimeSegue.h */,
				FA57004F1A9C14B1001C54CE /* SlightToTriggerFromTimeSegue.m */,
				FA5700511A9C166C001C54CE /* SlideToTriggerFromMapSegue.h */,
				FA5700521A9C166C001C54CE /* SlideToTriggerFromMapSegue.m */,
			);
			name = Segues;
			sourceTree = "<group>";
		};
		FA57FFFA1A9B9BE7001C54CE = {
			isa = PBXGroup;
			children = (
				FA5700051A9B9BE7001C54CE /* Serious Note */,
				FA5700221A9B9BE7001C54CE /* Serious NoteTests */,
				FA5700041A9B9BE7001C54CE /* Products */,
			);
			sourceTree = "<group>";
		};
/* End PBXGroup section */

/* Begin PBXNativeTarget section */
		FA5700021A9B9BE7001C54CE /* Serious Note */ = {
			isa = PBXNativeTarget;
			buildConfigurationList = FA5700291A9B9BE7001C54CE /* Build configuration list for PBXNativeTarget "Serious Note" */;
			buildPhases = (
				FA57FFFF1A9B9BE7001C54CE /* Sources */,
				FA5700001A9B9BE7001C54CE /* Frameworks */,
				FA5700011A9B9BE7001C54CE /* Resources */,
			);
			buildRules = (
			);
			dependencies = (
			);
			name = "Serious Note";
			productName = "Serious Note";
			productReference = FA5700031A9B9BE7001C54CE /* Serious Note.app */;
			productType = "com.apple.product-type.application";
		};
		FA57001E1A9B9BE7001C54CE /* Serious NoteTests */ = {
			isa = PBXNativeTarget;
			buildConfigurationList = FA57002C1A9B9BE7001C54CE /* Build configuration list for PBXNativeTarget "Serious NoteTests" */;
			buildPhases = (
				FA57001B1A9B9BE7001C54CE /* Sources */,
				FA57001C1A9B9BE7001C54CE /* Frameworks */,
				FA57001D1A9B9BE7001C54CE /* Resources */,
			);
			buildRules = (
			);
			dependencies = (
				FA5700211A9B9BE7001C54CE /* PBXTargetDependency */,
			);
			name = "Serious NoteTests";
			productName = "Serious NoteTests";
			productReference = FA57001F1A9B9BE7001C54CE /* Serious NoteTests.xctest */;
			productType = "com.apple.product-type.bundle.unit-test";
		};
/* End PBXNativeTarget section */

/* Begin PBXProject section */
		FA57FFFB1A9B9BE7001C54CE /* Project object */ = {
			isa = PBXProject;
			attributes = {
				LastUpgradeCheck = 0610;
				ORGANIZATIONNAME = "Brian Ledbetter";
				TargetAttributes = {
					FA5700021A9B9BE7001C54CE = {
						CreatedOnToolsVersion = 6.1.1;
					};
					FA57001E1A9B9BE7001C54CE = {
						CreatedOnToolsVersion = 6.1.1;
						TestTargetID = FA5700021A9B9BE7001C54CE;
					};
				};
			};
			buildConfigurationList = FA57FFFE1A9B9BE7001C54CE /* Build configuration list for PBXProject "Serious Note" */;
			compatibilityVersion = "Xcode 3.2";
			developmentRegion = English;
			hasScannedForEncodings = 0;
			knownRegions = (
				en,
				Base,
			);
			mainGroup = FA57FFFA1A9B9BE7001C54CE;
			productRefGroup = FA5700041A9B9BE7001C54CE /* Products */;
			projectDirPath = "";
			projectRoot = "";
			targets = (
				FA5700021A9B9BE7001C54CE /* Serious Note */,
				FA57001E1A9B9BE7001C54CE /* Serious NoteTests */,
			);
		};
/* End PBXProject section */

/* Begin PBXResourcesBuildPhase section */
		FA5700011A9B9BE7001C54CE /* Resources */ = {
			isa = PBXResourcesBuildPhase;
			buildActionMask = 2147483647;
			files = (
				FA5700151A9B9BE7001C54CE /* Main.storyboard in Resources */,
				FA57001A1A9B9BE7001C54CE /* LaunchScreen.xib in Resources */,
				FA5700171A9B9BE7001C54CE /* Images.xcassets in Resources */,
			);
			runOnlyForDeploymentPostprocessing = 0;
		};
		FA57001D1A9B9BE7001C54CE /* Resources */ = {
			isa = PBXResourcesBuildPhase;
			buildActionMask = 2147483647;
			files = (
			);
			runOnlyForDeploymentPostprocessing = 0;
		};
/* End PBXResourcesBuildPhase section */

/* Begin PBXSourcesBuildPhase section */
		FA57001B1A9B9BE7001C54CE /* Sources */ = {
			isa = PBXSourcesBuildPhase;
			buildActionMask = 2147483647;
			files = (
				FA5700261A9B9BE7001C54CE /* Serious_NoteTests.m in Sources */,
			);
			runOnlyForDeploymentPostprocessing = 0;
		};
		FA57FFFF1A9B9BE7001C54CE /* Sources */ = {
			isa = PBXSourcesBuildPhase;
			buildActionMask = 2147483647;
			files = (
				FA5700401A9BA207001C54CE /* RecorderViewController.m in Sources */,
				FA57000C1A9B9BE7001C54CE /* AppDelegate.m in Sources */,
				FA5700091A9B9BE7001C54CE /* main.m in Sources */,
				FA44E4391A9CFA8500558CD4 /* ReminderService.m in Sources */,
				FA44E4451A9D390600558CD4 /* TimeReminderDetailViewController.m in Sources */,
				FA5700501A9C14B1001C54CE /* SlightToTriggerFromTimeSegue.m in Sources */,
				FA57004D1A9C05ED001C54CE /* SlideToMap.m in Sources */,
				FA5700491A9BF4B6001C54CE /* SlideToTimeSegue.m in Sources */,
				FA57000F1A9B9BE7001C54CE /* Serious_Note.xcdatamodeld in Sources */,
				FA57003A1A9BA1B9001C54CE /* TimePickerViewController.m in Sources */,
				FA5700341A9BA12A001C54CE /* TriggerDecisionViewController.m in Sources */,
				FA5700531A9C166C001C54CE /* SlideToTriggerFromMapSegue.m in Sources */,
				2F88AFA81A9BD02C00D6F072 /* AddReminderViewController.m in Sources */,
				FA5700371A9BA159001C54CE /* TutorialViewController.m in Sources */,
				FA44E43F1A9D0D8C00558CD4 /* Reminder.m in Sources */,
				FA57003D1A9BA1E2001C54CE /* LocationPickerViewController.m in Sources */,
			);
			runOnlyForDeploymentPostprocessing = 0;
		};
/* End PBXSourcesBuildPhase section */

/* Begin PBXTargetDependency section */
		FA5700211A9B9BE7001C54CE /* PBXTargetDependency */ = {
			isa = PBXTargetDependency;
			target = FA5700021A9B9BE7001C54CE /* Serious Note */;
			targetProxy = FA5700201A9B9BE7001C54CE /* PBXContainerItemProxy */;
		};
/* End PBXTargetDependency section */

/* Begin PBXVariantGroup section */
		FA5700131A9B9BE7001C54CE /* Main.storyboard */ = {
			isa = PBXVariantGroup;
			children = (
				FA5700141A9B9BE7001C54CE /* Base */,
			);
			name = Main.storyboard;
			sourceTree = "<group>";
		};
		FA5700181A9B9BE7001C54CE /* LaunchScreen.xib */ = {
			isa = PBXVariantGroup;
			children = (
				FA5700191A9B9BE7001C54CE /* Base */,
			);
			name = LaunchScreen.xib;
			sourceTree = "<group>";
		};
/* End PBXVariantGroup section */

/* Begin XCBuildConfiguration section */
		FA5700271A9B9BE7001C54CE /* Debug */ = {
			isa = XCBuildConfiguration;
			buildSettings = {
				ALWAYS_SEARCH_USER_PATHS = NO;
				CLANG_CXX_LANGUAGE_STANDARD = "gnu++0x";
				CLANG_CXX_LIBRARY = "libc++";
				CLANG_ENABLE_MODULES = YES;
				CLANG_ENABLE_OBJC_ARC = YES;
				CLANG_WARN_BOOL_CONVERSION = YES;
				CLANG_WARN_CONSTANT_CONVERSION = YES;
				CLANG_WARN_DIRECT_OBJC_ISA_USAGE = YES_ERROR;
				CLANG_WARN_EMPTY_BODY = YES;
				CLANG_WARN_ENUM_CONVERSION = YES;
				CLANG_WARN_INT_CONVERSION = YES;
				CLANG_WARN_OBJC_ROOT_CLASS = YES_ERROR;
				CLANG_WARN_UNREACHABLE_CODE = YES;
				CLANG_WARN__DUPLICATE_METHOD_MATCH = YES;
				"CODE_SIGN_IDENTITY[sdk=iphoneos*]" = "iPhone Developer";
				COPY_PHASE_STRIP = NO;
				ENABLE_STRICT_OBJC_MSGSEND = YES;
				GCC_C_LANGUAGE_STANDARD = gnu99;
				GCC_DYNAMIC_NO_PIC = NO;
				GCC_OPTIMIZATION_LEVEL = 0;
				GCC_PREPROCESSOR_DEFINITIONS = (
					"DEBUG=1",
					"$(inherited)",
				);
				GCC_SYMBOLS_PRIVATE_EXTERN = NO;
				GCC_WARN_64_TO_32_BIT_CONVERSION = YES;
				GCC_WARN_ABOUT_RETURN_TYPE = YES_ERROR;
				GCC_WARN_UNDECLARED_SELECTOR = YES;
				GCC_WARN_UNINITIALIZED_AUTOS = YES_AGGRESSIVE;
				GCC_WARN_UNUSED_FUNCTION = YES;
				GCC_WARN_UNUSED_VARIABLE = YES;
				IPHONEOS_DEPLOYMENT_TARGET = 8.1;
				MTL_ENABLE_DEBUG_INFO = YES;
				ONLY_ACTIVE_ARCH = YES;
				SDKROOT = iphoneos;
				TARGETED_DEVICE_FAMILY = "1,2";
			};
			name = Debug;
		};
		FA5700281A9B9BE7001C54CE /* Release */ = {
			isa = XCBuildConfiguration;
			buildSettings = {
				ALWAYS_SEARCH_USER_PATHS = NO;
				CLANG_CXX_LANGUAGE_STANDARD = "gnu++0x";
				CLANG_CXX_LIBRARY = "libc++";
				CLANG_ENABLE_MODULES = YES;
				CLANG_ENABLE_OBJC_ARC = YES;
				CLANG_WARN_BOOL_CONVERSION = YES;
				CLANG_WARN_CONSTANT_CONVERSION = YES;
				CLANG_WARN_DIRECT_OBJC_ISA_USAGE = YES_ERROR;
				CLANG_WARN_EMPTY_BODY = YES;
				CLANG_WARN_ENUM_CONVERSION = YES;
				CLANG_WARN_INT_CONVERSION = YES;
				CLANG_WARN_OBJC_ROOT_CLASS = YES_ERROR;
				CLANG_WARN_UNREACHABLE_CODE = YES;
				CLANG_WARN__DUPLICATE_METHOD_MATCH = YES;
				"CODE_SIGN_IDENTITY[sdk=iphoneos*]" = "iPhone Developer";
				COPY_PHASE_STRIP = YES;
				ENABLE_NS_ASSERTIONS = NO;
				ENABLE_STRICT_OBJC_MSGSEND = YES;
				GCC_C_LANGUAGE_STANDARD = gnu99;
				GCC_WARN_64_TO_32_BIT_CONVERSION = YES;
				GCC_WARN_ABOUT_RETURN_TYPE = YES_ERROR;
				GCC_WARN_UNDECLARED_SELECTOR = YES;
				GCC_WARN_UNINITIALIZED_AUTOS = YES_AGGRESSIVE;
				GCC_WARN_UNUSED_FUNCTION = YES;
				GCC_WARN_UNUSED_VARIABLE = YES;
				IPHONEOS_DEPLOYMENT_TARGET = 8.1;
				MTL_ENABLE_DEBUG_INFO = NO;
				SDKROOT = iphoneos;
				TARGETED_DEVICE_FAMILY = "1,2";
				VALIDATE_PRODUCT = YES;
			};
			name = Release;
		};
		FA57002A1A9B9BE7001C54CE /* Debug */ = {
			isa = XCBuildConfiguration;
			buildSettings = {
				ASSETCATALOG_COMPILER_APPICON_NAME = AppIcon;
				INFOPLIST_FILE = "Serious Note/Info.plist";
				LD_RUNPATH_SEARCH_PATHS = "$(inherited) @executable_path/Frameworks";
				PRODUCT_NAME = "$(TARGET_NAME)";
			};
			name = Debug;
		};
		FA57002B1A9B9BE7001C54CE /* Release */ = {
			isa = XCBuildConfiguration;
			buildSettings = {
				ASSETCATALOG_COMPILER_APPICON_NAME = AppIcon;
				INFOPLIST_FILE = "Serious Note/Info.plist";
				LD_RUNPATH_SEARCH_PATHS = "$(inherited) @executable_path/Frameworks";
				PRODUCT_NAME = "$(TARGET_NAME)";
			};
			name = Release;
		};
		FA57002D1A9B9BE7001C54CE /* Debug */ = {
			isa = XCBuildConfiguration;
			buildSettings = {
				BUNDLE_LOADER = "$(TEST_HOST)";
				FRAMEWORK_SEARCH_PATHS = (
					"$(SDKROOT)/Developer/Library/Frameworks",
					"$(inherited)",
				);
				GCC_PREPROCESSOR_DEFINITIONS = (
					"DEBUG=1",
					"$(inherited)",
				);
				INFOPLIST_FILE = "Serious NoteTests/Info.plist";
				LD_RUNPATH_SEARCH_PATHS = "$(inherited) @executable_path/Frameworks @loader_path/Frameworks";
				PRODUCT_NAME = "$(TARGET_NAME)";
				TEST_HOST = "$(BUILT_PRODUCTS_DIR)/Serious Note.app/Serious Note";
			};
			name = Debug;
		};
		FA57002E1A9B9BE7001C54CE /* Release */ = {
			isa = XCBuildConfiguration;
			buildSettings = {
				BUNDLE_LOADER = "$(TEST_HOST)";
				FRAMEWORK_SEARCH_PATHS = (
					"$(SDKROOT)/Developer/Library/Frameworks",
					"$(inherited)",
				);
				INFOPLIST_FILE = "Serious NoteTests/Info.plist";
				LD_RUNPATH_SEARCH_PATHS = "$(inherited) @executable_path/Frameworks @loader_path/Frameworks";
				PRODUCT_NAME = "$(TARGET_NAME)";
				TEST_HOST = "$(BUILT_PRODUCTS_DIR)/Serious Note.app/Serious Note";
			};
			name = Release;
		};
/* End XCBuildConfiguration section */

/* Begin XCConfigurationList section */
		FA5700291A9B9BE7001C54CE /* Build configuration list for PBXNativeTarget "Serious Note" */ = {
			isa = XCConfigurationList;
			buildConfigurations = (
				FA57002A1A9B9BE7001C54CE /* Debug */,
				FA57002B1A9B9BE7001C54CE /* Release */,
			);
			defaultConfigurationIsVisible = 0;
			defaultConfigurationName = Release;
		};
		FA57002C1A9B9BE7001C54CE /* Build configuration list for PBXNativeTarget "Serious NoteTests" */ = {
			isa = XCConfigurationList;
			buildConfigurations = (
				FA57002D1A9B9BE7001C54CE /* Debug */,
				FA57002E1A9B9BE7001C54CE /* Release */,
			);
			defaultConfigurationIsVisible = 0;
			defaultConfigurationName = Release;
		};
		FA57FFFE1A9B9BE7001C54CE /* Build configuration list for PBXProject "Serious Note" */ = {
			isa = XCConfigurationList;
			buildConfigurations = (
				FA5700271A9B9BE7001C54CE /* Debug */,
				FA5700281A9B9BE7001C54CE /* Release */,
			);
			defaultConfigurationIsVisible = 0;
			defaultConfigurationName = Release;
		};
/* End XCConfigurationList section */

/* Begin XCVersionGroup section */
		FA57000D1A9B9BE7001C54CE /* Serious_Note.xcdatamodeld */ = {
			isa = XCVersionGroup;
			children = (
				FA57000E1A9B9BE7001C54CE /* Serious_Note.xcdatamodel */,
			);
			currentVersion = FA57000E1A9B9BE7001C54CE /* Serious_Note.xcdatamodel */;
			path = Serious_Note.xcdatamodeld;
			sourceTree = "<group>";
			versionGroupType = wrapper.xcdatamodel;
		};
/* End XCVersionGroup section */
	};
	rootObject = FA57FFFB1A9B9BE7001C54CE /* Project object */;
}
